// !$*UTF8*$!
{
	archiveVersion = 1;
	classes = {
	};
	objectVersion = 56;
	objects = {

/* Begin PBXBuildFile section */
		6B79EECC2B6132ED0058A2B6 /* TodoListApp.swift in Sources */ = {isa = PBXBuildFile; fileRef = 6B79EECB2B6132ED0058A2B6 /* TodoListApp.swift */; };
		6B79EED02B6132EE0058A2B6 /* Assets.xcassets in Resources */ = {isa = PBXBuildFile; fileRef = 6B79EECF2B6132EE0058A2B6 /* Assets.xcassets */; };
		6B79EED32B6132EE0058A2B6 /* Preview Assets.xcassets in Resources */ = {isa = PBXBuildFile; fileRef = 6B79EED22B6132EE0058A2B6 /* Preview Assets.xcassets */; };
		6B79EEDD2B6191620058A2B6 /* NewsModel.swift in Sources */ = {isa = PBXBuildFile; fileRef = 6B79EEDC2B6191620058A2B6 /* NewsModel.swift */; };
		6B79EEDF2B61923F0058A2B6 /* NewsViewModel.swift in Sources */ = {isa = PBXBuildFile; fileRef = 6B79EEDE2B61923F0058A2B6 /* NewsViewModel.swift */; };
		6B79EEE12B6192ED0058A2B6 /* WebView.swift in Sources */ = {isa = PBXBuildFile; fileRef = 6B79EEE02B6192ED0058A2B6 /* WebView.swift */; };
		6B79EEE32B6193390058A2B6 /* NewsCardView.swift in Sources */ = {isa = PBXBuildFile; fileRef = 6B79EEE22B6193390058A2B6 /* NewsCardView.swift */; };
		6B79EEE52B6193770058A2B6 /* NewsContentView.swift in Sources */ = {isa = PBXBuildFile; fileRef = 6B79EEE42B6193770058A2B6 /* NewsContentView.swift */; };
		8EB41C5E2B64FBC900E5805F /* UserCredential.swift in Sources */ = {isa = PBXBuildFile; fileRef = 8EB41C5D2B64FBC900E5805F /* UserCredential.swift */; };
		8EB41C642B6509BE00E5805F /* User.xcdatamodeld in Sources */ = {isa = PBXBuildFile; fileRef = 8EB41C622B6509BE00E5805F /* User.xcdatamodeld */; };
		96BD860F2B65195B00239EF0 /* AddTasks.swift in Sources */ = {isa = PBXBuildFile; fileRef = 96BD860E2B65195B00239EF0 /* AddTasks.swift */; };
		96BD86112B6519A200239EF0 /* ToDoModel.swift in Sources */ = {isa = PBXBuildFile; fileRef = 96BD86102B6519A200239EF0 /* ToDoModel.swift */; };
		96BD86142B6519D400239EF0 /* TaskDataModel.xcdatamodeld in Sources */ = {isa = PBXBuildFile; fileRef = 96BD86122B6519D400239EF0 /* TaskDataModel.xcdatamodeld */; };
		96BD86162B651A6B00239EF0 /* BackButtonView.swift in Sources */ = {isa = PBXBuildFile; fileRef = 96BD86152B651A6B00239EF0 /* BackButtonView.swift */; };
		96BD86182B651ADF00239EF0 /* ProfileView.swift in Sources */ = {isa = PBXBuildFile; fileRef = 96BD86172B651ADF00239EF0 /* ProfileView.swift */; };
		96BD861A2B651B3A00239EF0 /* DisplayTasksView.swift in Sources */ = {isa = PBXBuildFile; fileRef = 96BD86192B651B3A00239EF0 /* DisplayTasksView.swift */; };
		96BD861C2B651B6B00239EF0 /* EachRowView.swift in Sources */ = {isa = PBXBuildFile; fileRef = 96BD861B2B651B6B00239EF0 /* EachRowView.swift */; };
		96BD861E2B651BBB00239EF0 /* TabViewNew.swift in Sources */ = {isa = PBXBuildFile; fileRef = 96BD861D2B651BBB00239EF0 /* TabViewNew.swift */; };
		96BD86202B651D0A00239EF0 /* DueDateView.swift in Sources */ = {isa = PBXBuildFile; fileRef = 96BD861F2B651D0A00239EF0 /* DueDateView.swift */; };
		99F2B3A92B642A6200490F99 /* LoginPageView.swift in Sources */ = {isa = PBXBuildFile; fileRef = 99F2B3A82B642A6200490F99 /* LoginPageView.swift */; };
		99F2B3AB2B642A8700490F99 /* RegisterPageView.swift in Sources */ = {isa = PBXBuildFile; fileRef = 99F2B3AA2B642A8700490F99 /* RegisterPageView.swift */; };
/* End PBXBuildFile section */

/* Begin PBXFileReference section */
		6B79EEC82B6132ED0058A2B6 /* TodoList.app */ = {isa = PBXFileReference; explicitFileType = wrapper.application; includeInIndex = 0; path = TodoList.app; sourceTree = BUILT_PRODUCTS_DIR; };
		6B79EECB2B6132ED0058A2B6 /* TodoListApp.swift */ = {isa = PBXFileReference; lastKnownFileType = sourcecode.swift; path = TodoListApp.swift; sourceTree = "<group>"; };
		6B79EECF2B6132EE0058A2B6 /* Assets.xcassets */ = {isa = PBXFileReference; lastKnownFileType = folder.assetcatalog; path = Assets.xcassets; sourceTree = "<group>"; };
		6B79EED22B6132EE0058A2B6 /* Preview Assets.xcassets */ = {isa = PBXFileReference; lastKnownFileType = folder.assetcatalog; path = "Preview Assets.xcassets"; sourceTree = "<group>"; };
		6B79EEDC2B6191620058A2B6 /* NewsModel.swift */ = {isa = PBXFileReference; lastKnownFileType = sourcecode.swift; path = NewsModel.swift; sourceTree = "<group>"; };
		6B79EEDE2B61923F0058A2B6 /* NewsViewModel.swift */ = {isa = PBXFileReference; lastKnownFileType = sourcecode.swift; path = NewsViewModel.swift; sourceTree = "<group>"; };
		6B79EEE02B6192ED0058A2B6 /* WebView.swift */ = {isa = PBXFileReference; lastKnownFileType = sourcecode.swift; path = WebView.swift; sourceTree = "<group>"; };
		6B79EEE22B6193390058A2B6 /* NewsCardView.swift */ = {isa = PBXFileReference; lastKnownFileType = sourcecode.swift; path = NewsCardView.swift; sourceTree = "<group>"; };
		6B79EEE42B6193770058A2B6 /* NewsContentView.swift */ = {isa = PBXFileReference; lastKnownFileType = sourcecode.swift; path = NewsContentView.swift; sourceTree = "<group>"; };
		8EB41C5D2B64FBC900E5805F /* UserCredential.swift */ = {isa = PBXFileReference; lastKnownFileType = sourcecode.swift; path = UserCredential.swift; sourceTree = "<group>"; };
		8EB41C632B6509BE00E5805F /* User.xcdatamodel */ = {isa = PBXFileReference; lastKnownFileType = wrapper.xcdatamodel; path = User.xcdatamodel; sourceTree = "<group>"; };
		96BD860E2B65195B00239EF0 /* AddTasks.swift */ = {isa = PBXFileReference; lastKnownFileType = sourcecode.swift; path = AddTasks.swift; sourceTree = "<group>"; };
		96BD86102B6519A200239EF0 /* ToDoModel.swift */ = {isa = PBXFileReference; lastKnownFileType = sourcecode.swift; path = ToDoModel.swift; sourceTree = "<group>"; };
		96BD86132B6519D400239EF0 /* TaskDataModel.xcdatamodel */ = {isa = PBXFileReference; lastKnownFileType = wrapper.xcdatamodel; path = TaskDataModel.xcdatamodel; sourceTree = "<group>"; };
		96BD86152B651A6B00239EF0 /* BackButtonView.swift */ = {isa = PBXFileReference; lastKnownFileType = sourcecode.swift; path = BackButtonView.swift; sourceTree = "<group>"; };
		96BD86172B651ADF00239EF0 /* ProfileView.swift */ = {isa = PBXFileReference; lastKnownFileType = sourcecode.swift; path = ProfileView.swift; sourceTree = "<group>"; };
		96BD86192B651B3A00239EF0 /* DisplayTasksView.swift */ = {isa = PBXFileReference; lastKnownFileType = sourcecode.swift; path = DisplayTasksView.swift; sourceTree = "<group>"; };
		96BD861B2B651B6B00239EF0 /* EachRowView.swift */ = {isa = PBXFileReference; lastKnownFileType = sourcecode.swift; path = EachRowView.swift; sourceTree = "<group>"; };
		96BD861D2B651BBB00239EF0 /* TabViewNew.swift */ = {isa = PBXFileReference; lastKnownFileType = sourcecode.swift; path = TabViewNew.swift; sourceTree = "<group>"; };
		96BD861F2B651D0A00239EF0 /* DueDateView.swift */ = {isa = PBXFileReference; lastKnownFileType = sourcecode.swift; path = DueDateView.swift; sourceTree = "<group>"; };
		99F2B3A82B642A6200490F99 /* LoginPageView.swift */ = {isa = PBXFileReference; lastKnownFileType = sourcecode.swift; path = LoginPageView.swift; sourceTree = "<group>"; };
		99F2B3AA2B642A8700490F99 /* RegisterPageView.swift */ = {isa = PBXFileReference; lastKnownFileType = sourcecode.swift; path = RegisterPageView.swift; sourceTree = "<group>"; };
/* End PBXFileReference section */

/* Begin PBXFrameworksBuildPhase section */
		6B79EEC52B6132ED0058A2B6 /* Frameworks */ = {
			isa = PBXFrameworksBuildPhase;
			buildActionMask = 2147483647;
			files = (
			);
			runOnlyForDeploymentPostprocessing = 0;
		};
/* End PBXFrameworksBuildPhase section */

/* Begin PBXGroup section */
		6B79EEBF2B6132ED0058A2B6 = {
			isa = PBXGroup;
			children = (
				6B79EECA2B6132ED0058A2B6 /* TodoList */,
				6B79EEC92B6132ED0058A2B6 /* Products */,
			);
			sourceTree = "<group>";
		};
		6B79EEC92B6132ED0058A2B6 /* Products */ = {
			isa = PBXGroup;
			children = (
				6B79EEC82B6132ED0058A2B6 /* TodoList.app */,
			);
			name = Products;
			sourceTree = "<group>";
		};
		6B79EECA2B6132ED0058A2B6 /* TodoList */ = {
			isa = PBXGroup;
			children = (
				6B79EECB2B6132ED0058A2B6 /* TodoListApp.swift */,
				6B79EED92B6190260058A2B6 /* Model */,
				6B79EEDA2B61902F0058A2B6 /* View */,
				6B79EEDB2B61903A0058A2B6 /* ViewModel */,
				6B79EECF2B6132EE0058A2B6 /* Assets.xcassets */,
				6B79EED12B6132EE0058A2B6 /* Preview Content */,
				96BD86122B6519D400239EF0 /* TaskDataModel.xcdatamodeld */,
				8EB41C622B6509BE00E5805F /* User.xcdatamodeld */,
			);
			path = TodoList;
			sourceTree = "<group>";
		};
		6B79EED12B6132EE0058A2B6 /* Preview Content */ = {
			isa = PBXGroup;
			children = (
				6B79EED22B6132EE0058A2B6 /* Preview Assets.xcassets */,
			);
			path = "Preview Content";
			sourceTree = "<group>";
		};
		6B79EED92B6190260058A2B6 /* Model */ = {
			isa = PBXGroup;
			children = (
				6B79EEDC2B6191620058A2B6 /* NewsModel.swift */,
			);
			path = Model;
			sourceTree = "<group>";
		};
		6B79EEDA2B61902F0058A2B6 /* View */ = {
			isa = PBXGroup;
			children = (
				6B79EEE02B6192ED0058A2B6 /* WebView.swift */,
				6B79EEE22B6193390058A2B6 /* NewsCardView.swift */,
				6B79EEE42B6193770058A2B6 /* NewsContentView.swift */,
				99F2B3A82B642A6200490F99 /* LoginPageView.swift */,
				99F2B3AA2B642A8700490F99 /* RegisterPageView.swift */,
				96BD860E2B65195B00239EF0 /* AddTasks.swift */,
				96BD86152B651A6B00239EF0 /* BackButtonView.swift */,
				96BD86172B651ADF00239EF0 /* ProfileView.swift */,
				96BD86192B651B3A00239EF0 /* DisplayTasksView.swift */,
				96BD861B2B651B6B00239EF0 /* EachRowView.swift */,
				96BD861D2B651BBB00239EF0 /* TabViewNew.swift */,
				96BD861F2B651D0A00239EF0 /* DueDateView.swift */,
			);
			path = View;
			sourceTree = "<group>";
		};
		6B79EEDB2B61903A0058A2B6 /* ViewModel */ = {
			isa = PBXGroup;
			children = (
				8EB41C5D2B64FBC900E5805F /* UserCredential.swift */,
				6B79EEDE2B61923F0058A2B6 /* NewsViewModel.swift */,
				96BD86102B6519A200239EF0 /* ToDoModel.swift */,
			);
			path = ViewModel;
			sourceTree = "<group>";
		};
/* End PBXGroup section */

/* Begin PBXNativeTarget section */
		6B79EEC72B6132ED0058A2B6 /* TodoList */ = {
			isa = PBXNativeTarget;
			buildConfigurationList = 6B79EED62B6132EE0058A2B6 /* Build configuration list for PBXNativeTarget "TodoList" */;
			buildPhases = (
				6B79EEC42B6132ED0058A2B6 /* Sources */,
				6B79EEC52B6132ED0058A2B6 /* Frameworks */,
				6B79EEC62B6132ED0058A2B6 /* Resources */,
			);
			buildRules = (
			);
			dependencies = (
			);
			name = TodoList;
			productName = TodoList;
			productReference = 6B79EEC82B6132ED0058A2B6 /* TodoList.app */;
			productType = "com.apple.product-type.application";
		};
/* End PBXNativeTarget section */

/* Begin PBXProject section */
		6B79EEC02B6132ED0058A2B6 /* Project object */ = {
			isa = PBXProject;
			attributes = {
				BuildIndependentTargetsInParallel = 1;
				LastSwiftUpdateCheck = 1520;
				LastUpgradeCheck = 1520;
				TargetAttributes = {
					6B79EEC72B6132ED0058A2B6 = {
						CreatedOnToolsVersion = 15.2;
					};
				};
			};
			buildConfigurationList = 6B79EEC32B6132ED0058A2B6 /* Build configuration list for PBXProject "TodoList" */;
			compatibilityVersion = "Xcode 14.0";
			developmentRegion = en;
			hasScannedForEncodings = 0;
			knownRegions = (
				en,
				Base,
			);
			mainGroup = 6B79EEBF2B6132ED0058A2B6;
			productRefGroup = 6B79EEC92B6132ED0058A2B6 /* Products */;
			projectDirPath = "";
			projectRoot = "";
			targets = (
				6B79EEC72B6132ED0058A2B6 /* TodoList */,
			);
		};
/* End PBXProject section */

/* Begin PBXResourcesBuildPhase section */
		6B79EEC62B6132ED0058A2B6 /* Resources */ = {
			isa = PBXResourcesBuildPhase;
			buildActionMask = 2147483647;
			files = (
				6B79EED32B6132EE0058A2B6 /* Preview Assets.xcassets in Resources */,
				6B79EED02B6132EE0058A2B6 /* Assets.xcassets in Resources */,
			);
			runOnlyForDeploymentPostprocessing = 0;
		};
/* End PBXResourcesBuildPhase section */

/* Begin PBXSourcesBuildPhase section */
		6B79EEC42B6132ED0058A2B6 /* Sources */ = {
			isa = PBXSourcesBuildPhase;
			buildActionMask = 2147483647;
			files = (
				96BD86142B6519D400239EF0 /* TaskDataModel.xcdatamodeld in Sources */,
				6B79EEE52B6193770058A2B6 /* NewsContentView.swift in Sources */,
				6B79EEDD2B6191620058A2B6 /* NewsModel.swift in Sources */,
				6B79EEE12B6192ED0058A2B6 /* WebView.swift in Sources */,
				6B79EEE32B6193390058A2B6 /* NewsCardView.swift in Sources */,
				96BD861C2B651B6B00239EF0 /* EachRowView.swift in Sources */,
				8EB41C5E2B64FBC900E5805F /* UserCredential.swift in Sources */,
				99F2B3AB2B642A8700490F99 /* RegisterPageView.swift in Sources */,
				96BD86182B651ADF00239EF0 /* ProfileView.swift in Sources */,
				96BD86112B6519A200239EF0 /* ToDoModel.swift in Sources */,
				8EB41C642B6509BE00E5805F /* User.xcdatamodeld in Sources */,
				96BD860F2B65195B00239EF0 /* AddTasks.swift in Sources */,
				96BD86162B651A6B00239EF0 /* BackButtonView.swift in Sources */,
				6B79EECC2B6132ED0058A2B6 /* TodoListApp.swift in Sources */,
				96BD86202B651D0A00239EF0 /* DueDateView.swift in Sources */,
				6B79EEDF2B61923F0058A2B6 /* NewsViewModel.swift in Sources */,
				96BD861A2B651B3A00239EF0 /* DisplayTasksView.swift in Sources */,
				99F2B3A92B642A6200490F99 /* LoginPageView.swift in Sources */,
				96BD861E2B651BBB00239EF0 /* TabViewNew.swift in Sources */,
			);
			runOnlyForDeploymentPostprocessing = 0;
		};
/* End PBXSourcesBuildPhase section */

/* Begin XCBuildConfiguration section */
		6B79EED42B6132EE0058A2B6 /* Debug */ = {
			isa = XCBuildConfiguration;
			buildSettings = {
				ALWAYS_SEARCH_USER_PATHS = NO;
				ASSETCATALOG_COMPILER_GENERATE_SWIFT_ASSET_SYMBOL_EXTENSIONS = YES;
				CLANG_ANALYZER_NONNULL = YES;
				CLANG_ANALYZER_NUMBER_OBJECT_CONVERSION = YES_AGGRESSIVE;
				CLANG_CXX_LANGUAGE_STANDARD = "gnu++20";
				CLANG_ENABLE_MODULES = YES;
				CLANG_ENABLE_OBJC_ARC = YES;
				CLANG_ENABLE_OBJC_WEAK = YES;
				CLANG_WARN_BLOCK_CAPTURE_AUTORELEASING = YES;
				CLANG_WARN_BOOL_CONVERSION = YES;
				CLANG_WARN_COMMA = YES;
				CLANG_WARN_CONSTANT_CONVERSION = YES;
				CLANG_WARN_DEPRECATED_OBJC_IMPLEMENTATIONS = YES;
				CLANG_WARN_DIRECT_OBJC_ISA_USAGE = YES_ERROR;
				CLANG_WARN_DOCUMENTATION_COMMENTS = YES;
				CLANG_WARN_EMPTY_BODY = YES;
				CLANG_WARN_ENUM_CONVERSION = YES;
				CLANG_WARN_INFINITE_RECURSION = YES;
				CLANG_WARN_INT_CONVERSION = YES;
				CLANG_WARN_NON_LITERAL_NULL_CONVERSION = YES;
				CLANG_WARN_OBJC_IMPLICIT_RETAIN_SELF = YES;
				CLANG_WARN_OBJC_LITERAL_CONVERSION = YES;
				CLANG_WARN_OBJC_ROOT_CLASS = YES_ERROR;
				CLANG_WARN_QUOTED_INCLUDE_IN_FRAMEWORK_HEADER = YES;
				CLANG_WARN_RANGE_LOOP_ANALYSIS = YES;
				CLANG_WARN_STRICT_PROTOTYPES = YES;
				CLANG_WARN_SUSPICIOUS_MOVE = YES;
				CLANG_WARN_UNGUARDED_AVAILABILITY = YES_AGGRESSIVE;
				CLANG_WARN_UNREACHABLE_CODE = YES;
				CLANG_WARN__DUPLICATE_METHOD_MATCH = YES;
				COPY_PHASE_STRIP = NO;
				DEBUG_INFORMATION_FORMAT = dwarf;
				ENABLE_STRICT_OBJC_MSGSEND = YES;
				ENABLE_TESTABILITY = YES;
				ENABLE_USER_SCRIPT_SANDBOXING = YES;
				GCC_C_LANGUAGE_STANDARD = gnu17;
				GCC_DYNAMIC_NO_PIC = NO;
				GCC_NO_COMMON_BLOCKS = YES;
				GCC_OPTIMIZATION_LEVEL = 0;
				GCC_PREPROCESSOR_DEFINITIONS = (
					"DEBUG=1",
					"$(inherited)",
				);
				GCC_WARN_64_TO_32_BIT_CONVERSION = YES;
				GCC_WARN_ABOUT_RETURN_TYPE = YES_ERROR;
				GCC_WARN_UNDECLARED_SELECTOR = YES;
				GCC_WARN_UNINITIALIZED_AUTOS = YES_AGGRESSIVE;
				GCC_WARN_UNUSED_FUNCTION = YES;
				GCC_WARN_UNUSED_VARIABLE = YES;
				IPHONEOS_DEPLOYMENT_TARGET = 17.2;
				LOCALIZATION_PREFERS_STRING_CATALOGS = YES;
				MTL_ENABLE_DEBUG_INFO = INCLUDE_SOURCE;
				MTL_FAST_MATH = YES;
				ONLY_ACTIVE_ARCH = YES;
				SDKROOT = iphoneos;
				SWIFT_ACTIVE_COMPILATION_CONDITIONS = "DEBUG $(inherited)";
				SWIFT_OPTIMIZATION_LEVEL = "-Onone";
			};
			name = Debug;
		};
		6B79EED52B6132EE0058A2B6 /* Release */ = {
			isa = XCBuildConfiguration;
			buildSettings = {
				ALWAYS_SEARCH_USER_PATHS = NO;
				ASSETCATALOG_COMPILER_GENERATE_SWIFT_ASSET_SYMBOL_EXTENSIONS = YES;
				CLANG_ANALYZER_NONNULL = YES;
				CLANG_ANALYZER_NUMBER_OBJECT_CONVERSION = YES_AGGRESSIVE;
				CLANG_CXX_LANGUAGE_STANDARD = "gnu++20";
				CLANG_ENABLE_MODULES = YES;
				CLANG_ENABLE_OBJC_ARC = YES;
				CLANG_ENABLE_OBJC_WEAK = YES;
				CLANG_WARN_BLOCK_CAPTURE_AUTORELEASING = YES;
				CLANG_WARN_BOOL_CONVERSION = YES;
				CLANG_WARN_COMMA = YES;
				CLANG_WARN_CONSTANT_CONVERSION = YES;
				CLANG_WARN_DEPRECATED_OBJC_IMPLEMENTATIONS = YES;
				CLANG_WARN_DIRECT_OBJC_ISA_USAGE = YES_ERROR;
				CLANG_WARN_DOCUMENTATION_COMMENTS = YES;
				CLANG_WARN_EMPTY_BODY = YES;
				CLANG_WARN_ENUM_CONVERSION = YES;
				CLANG_WARN_INFINITE_RECURSION = YES;
				CLANG_WARN_INT_CONVERSION = YES;
				CLANG_WARN_NON_LITERAL_NULL_CONVERSION = YES;
				CLANG_WARN_OBJC_IMPLICIT_RETAIN_SELF = YES;
				CLANG_WARN_OBJC_LITERAL_CONVERSION = YES;
				CLANG_WARN_OBJC_ROOT_CLASS = YES_ERROR;
				CLANG_WARN_QUOTED_INCLUDE_IN_FRAMEWORK_HEADER = YES;
				CLANG_WARN_RANGE_LOOP_ANALYSIS = YES;
				CLANG_WARN_STRICT_PROTOTYPES = YES;
				CLANG_WARN_SUSPICIOUS_MOVE = YES;
				CLANG_WARN_UNGUARDED_AVAILABILITY = YES_AGGRESSIVE;
				CLANG_WARN_UNREACHABLE_CODE = YES;
				CLANG_WARN__DUPLICATE_METHOD_MATCH = YES;
				COPY_PHASE_STRIP = NO;
				DEBUG_INFORMATION_FORMAT = "dwarf-with-dsym";
				ENABLE_NS_ASSERTIONS = NO;
				ENABLE_STRICT_OBJC_MSGSEND = YES;
				ENABLE_USER_SCRIPT_SANDBOXING = YES;
				GCC_C_LANGUAGE_STANDARD = gnu17;
				GCC_NO_COMMON_BLOCKS = YES;
				GCC_WARN_64_TO_32_BIT_CONVERSION = YES;
				GCC_WARN_ABOUT_RETURN_TYPE = YES_ERROR;
				GCC_WARN_UNDECLARED_SELECTOR = YES;
				GCC_WARN_UNINITIALIZED_AUTOS = YES_AGGRESSIVE;
				GCC_WARN_UNUSED_FUNCTION = YES;
				GCC_WARN_UNUSED_VARIABLE = YES;
				IPHONEOS_DEPLOYMENT_TARGET = 17.2;
				LOCALIZATION_PREFERS_STRING_CATALOGS = YES;
				MTL_ENABLE_DEBUG_INFO = NO;
				MTL_FAST_MATH = YES;
				SDKROOT = iphoneos;
				SWIFT_COMPILATION_MODE = wholemodule;
				VALIDATE_PRODUCT = YES;
			};
			name = Release;
		};
		6B79EED72B6132EE0058A2B6 /* Debug */ = {
			isa = XCBuildConfiguration;
			buildSettings = {
				ASSETCATALOG_COMPILER_APPICON_NAME = AppIcon;
				ASSETCATALOG_COMPILER_GLOBAL_ACCENT_COLOR_NAME = AccentColor;
				CODE_SIGN_STYLE = Automatic;
				CURRENT_PROJECT_VERSION = 1;
				DEVELOPMENT_ASSET_PATHS = "\"TodoList/Preview Content\"";
				ENABLE_PREVIEWS = YES;
				GENERATE_INFOPLIST_FILE = YES;
				INFOPLIST_KEY_UIApplicationSceneManifest_Generation = YES;
				INFOPLIST_KEY_UIApplicationSupportsIndirectInputEvents = YES;
				INFOPLIST_KEY_UILaunchScreen_Generation = YES;
				INFOPLIST_KEY_UISupportedInterfaceOrientations_iPad = "UIInterfaceOrientationPortrait UIInterfaceOrientationPortraitUpsideDown UIInterfaceOrientationLandscapeLeft UIInterfaceOrientationLandscapeRight";
				INFOPLIST_KEY_UISupportedInterfaceOrientations_iPhone = "UIInterfaceOrientationPortrait UIInterfaceOrientationLandscapeLeft UIInterfaceOrientationLandscapeRight";
				LD_RUNPATH_SEARCH_PATHS = (
					"$(inherited)",
					"@executable_path/Frameworks",
				);
				MARKETING_VERSION = 1.0;
				PRODUCT_BUNDLE_IDENTIFIER = com.tesapp.TodoList;
				PRODUCT_NAME = "$(TARGET_NAME)";
				SWIFT_EMIT_LOC_STRINGS = YES;
				SWIFT_VERSION = 5.0;
				TARGETED_DEVICE_FAMILY = "1,2";
			};
			name = Debug;
		};
		6B79EED82B6132EE0058A2B6 /* Release */ = {
			isa = XCBuildConfiguration;
			buildSettings = {
				ASSETCATALOG_COMPILER_APPICON_NAME = AppIcon;
				ASSETCATALOG_COMPILER_GLOBAL_ACCENT_COLOR_NAME = AccentColor;
				CODE_SIGN_STYLE = Automatic;
				CURRENT_PROJECT_VERSION = 1;
				DEVELOPMENT_ASSET_PATHS = "\"TodoList/Preview Content\"";
				ENABLE_PREVIEWS = YES;
				GENERATE_INFOPLIST_FILE = YES;
				INFOPLIST_KEY_UIApplicationSceneManifest_Generation = YES;
				INFOPLIST_KEY_UIApplicationSupportsIndirectInputEvents = YES;
				INFOPLIST_KEY_UILaunchScreen_Generation = YES;
				INFOPLIST_KEY_UISupportedInterfaceOrientations_iPad = "UIInterfaceOrientationPortrait UIInterfaceOrientationPortraitUpsideDown UIInterfaceOrientationLandscapeLeft UIInterfaceOrientationLandscapeRight";
				INFOPLIST_KEY_UISupportedInterfaceOrientations_iPhone = "UIInterfaceOrientationPortrait UIInterfaceOrientationLandscapeLeft UIInterfaceOrientationLandscapeRight";
				LD_RUNPATH_SEARCH_PATHS = (
					"$(inherited)",
					"@executable_path/Frameworks",
				);
				MARKETING_VERSION = 1.0;
				PRODUCT_BUNDLE_IDENTIFIER = com.tesapp.TodoList;
				PRODUCT_NAME = "$(TARGET_NAME)";
				SWIFT_EMIT_LOC_STRINGS = YES;
				SWIFT_VERSION = 5.0;
				TARGETED_DEVICE_FAMILY = "1,2";
			};
			name = Release;
		};
/* End XCBuildConfiguration section */

/* Begin XCConfigurationList section */
		6B79EEC32B6132ED0058A2B6 /* Build configuration list for PBXProject "TodoList" */ = {
			isa = XCConfigurationList;
			buildConfigurations = (
				6B79EED42B6132EE0058A2B6 /* Debug */,
				6B79EED52B6132EE0058A2B6 /* Release */,
			);
			defaultConfigurationIsVisible = 0;
			defaultConfigurationName = Release;
		};
		6B79EED62B6132EE0058A2B6 /* Build configuration list for PBXNativeTarget "TodoList" */ = {
			isa = XCConfigurationList;
			buildConfigurations = (
				6B79EED72B6132EE0058A2B6 /* Debug */,
				6B79EED82B6132EE0058A2B6 /* Release */,
			);
			defaultConfigurationIsVisible = 0;
			defaultConfigurationName = Release;
		};
/* End XCConfigurationList section */

/* Begin XCVersionGroup section */
		8EB41C622B6509BE00E5805F /* User.xcdatamodeld */ = {
			isa = XCVersionGroup;
			children = (
				8EB41C632B6509BE00E5805F /* User.xcdatamodel */,
			);
			currentVersion = 8EB41C632B6509BE00E5805F /* User.xcdatamodel */;
			path = User.xcdatamodeld;
			sourceTree = "<group>";
			versionGroupType = wrapper.xcdatamodel;
		};
		96BD86122B6519D400239EF0 /* TaskDataModel.xcdatamodeld */ = {
			isa = XCVersionGroup;
			children = (
				96BD86132B6519D400239EF0 /* TaskDataModel.xcdatamodel */,
			);
			currentVersion = 96BD86132B6519D400239EF0 /* TaskDataModel.xcdatamodel */;
			path = TaskDataModel.xcdatamodeld;
			sourceTree = "<group>";
			versionGroupType = wrapper.xcdatamodel;
		};
/* End XCVersionGroup section */
	};
	rootObject = 6B79EEC02B6132ED0058A2B6 /* Project object */;
}
