// !$*UTF8*$!
{
	archiveVersion = 1;
	classes = {
	};
	objectVersion = 56;
	objects = {

/* Begin PBXBuildFile section */
		6B79EECC2B6132ED0058A2B6 /* TodoListApp.swift in Sources */ = {isa = PBXBuildFile; fileRef = 6B79EECB2B6132ED0058A2B6 /* TodoListApp.swift */; };
		6B79EED02B6132EE0058A2B6 /* Assets.xcassets in Resources */ = {isa = PBXBuildFile; fileRef = 6B79EECF2B6132EE0058A2B6 /* Assets.xcassets */; };
		6B79EED32B6132EE0058A2B6 /* Preview Assets.xcassets in Resources */ = {isa = PBXBuildFile; fileRef = 6B79EED22B6132EE0058A2B6 /* Preview Assets.xcassets */; };
		964A11372B64B42200A398EE /* model.swift in Sources */ = {isa = PBXBuildFile; fileRef = 964A11362B64B42200A398EE /* model.swift */; };
		964A11392B64B45400A398EE /* addTask.swift in Sources */ = {isa = PBXBuildFile; fileRef = 964A11382B64B45400A398EE /* addTask.swift */; };
		964A113D2B64B48600A398EE /* tabView.swift in Sources */ = {isa = PBXBuildFile; fileRef = 964A113C2B64B48600A398EE /* tabView.swift */; };
		964A113F2B64B49400A398EE /* profile.swift in Sources */ = {isa = PBXBuildFile; fileRef = 964A113E2B64B49400A398EE /* profile.swift */; };
		964A11412B64B4A200A398EE /* displayTasks.swift in Sources */ = {isa = PBXBuildFile; fileRef = 964A11402B64B4A200A398EE /* displayTasks.swift */; };
		964A11432B64B4B000A398EE /* eachRow.swift in Sources */ = {isa = PBXBuildFile; fileRef = 964A11422B64B4B000A398EE /* eachRow.swift */; };
		964A11452B64B4C400A398EE /* backButton.swift in Sources */ = {isa = PBXBuildFile; fileRef = 964A11442B64B4C400A398EE /* backButton.swift */; };
		964A11472B64B4D500A398EE /* news.swift in Sources */ = {isa = PBXBuildFile; fileRef = 964A11462B64B4D500A398EE /* news.swift */; };
		964A11492B64B4E200A398EE /* dueDate.swift in Sources */ = {isa = PBXBuildFile; fileRef = 964A11482B64B4E200A398EE /* dueDate.swift */; };
		964A114C2B64B51700A398EE /* Task.xcdatamodeld in Sources */ = {isa = PBXBuildFile; fileRef = 964A114A2B64B51700A398EE /* Task.xcdatamodeld */; };
/* End PBXBuildFile section */

/* Begin PBXFileReference section */
		6B79EEC82B6132ED0058A2B6 /* TodoList.app */ = {isa = PBXFileReference; explicitFileType = wrapper.application; includeInIndex = 0; path = TodoList.app; sourceTree = BUILT_PRODUCTS_DIR; };
		6B79EECB2B6132ED0058A2B6 /* TodoListApp.swift */ = {isa = PBXFileReference; lastKnownFileType = sourcecode.swift; path = TodoListApp.swift; sourceTree = "<group>"; };
		6B79EECF2B6132EE0058A2B6 /* Assets.xcassets */ = {isa = PBXFileReference; lastKnownFileType = folder.assetcatalog; path = Assets.xcassets; sourceTree = "<group>"; };
		6B79EED22B6132EE0058A2B6 /* Preview Assets.xcassets */ = {isa = PBXFileReference; lastKnownFileType = folder.assetcatalog; path = "Preview Assets.xcassets"; sourceTree = "<group>"; };
		964A11362B64B42200A398EE /* model.swift */ = {isa = PBXFileReference; lastKnownFileType = sourcecode.swift; path = model.swift; sourceTree = "<group>"; };
		964A11382B64B45400A398EE /* addTask.swift */ = {isa = PBXFileReference; lastKnownFileType = sourcecode.swift; path = addTask.swift; sourceTree = "<group>"; };
		964A113C2B64B48600A398EE /* tabView.swift */ = {isa = PBXFileReference; lastKnownFileType = sourcecode.swift; path = tabView.swift; sourceTree = "<group>"; };
		964A113E2B64B49400A398EE /* profile.swift */ = {isa = PBXFileReference; lastKnownFileType = sourcecode.swift; path = profile.swift; sourceTree = "<group>"; };
		964A11402B64B4A200A398EE /* displayTasks.swift */ = {isa = PBXFileReference; lastKnownFileType = sourcecode.swift; path = displayTasks.swift; sourceTree = "<group>"; };
		964A11422B64B4B000A398EE /* eachRow.swift */ = {isa = PBXFileReference; lastKnownFileType = sourcecode.swift; path = eachRow.swift; sourceTree = "<group>"; };
		964A11442B64B4C400A398EE /* backButton.swift */ = {isa = PBXFileReference; lastKnownFileType = sourcecode.swift; path = backButton.swift; sourceTree = "<group>"; };
		964A11462B64B4D500A398EE /* news.swift */ = {isa = PBXFileReference; lastKnownFileType = sourcecode.swift; path = news.swift; sourceTree = "<group>"; };
		964A11482B64B4E200A398EE /* dueDate.swift */ = {isa = PBXFileReference; lastKnownFileType = sourcecode.swift; path = dueDate.swift; sourceTree = "<group>"; };
		964A114B2B64B51700A398EE /* Task.xcdatamodel */ = {isa = PBXFileReference; lastKnownFileType = wrapper.xcdatamodel; path = Task.xcdatamodel; sourceTree = "<group>"; };
/* End PBXFileReference section */

/* Begin PBXFrameworksBuildPhase section */
		6B79EEC52B6132ED0058A2B6 /* Frameworks */ = {
			isa = PBXFrameworksBuildPhase;
			buildActionMask = 2147483647;
			files = (
			);
			runOnlyForDeploymentPostprocessing = 0;
		};
/* End PBXFrameworksBuildPhase section */

/* Begin PBXGroup section */
		6B79EEBF2B6132ED0058A2B6 = {
			isa = PBXGroup;
			children = (
				6B79EECA2B6132ED0058A2B6 /* TodoList */,
				6B79EEC92B6132ED0058A2B6 /* Products */,
			);
			sourceTree = "<group>";
		};
		6B79EEC92B6132ED0058A2B6 /* Products */ = {
			isa = PBXGroup;
			children = (
				6B79EEC82B6132ED0058A2B6 /* TodoList.app */,
			);
			name = Products;
			sourceTree = "<group>";
		};
		6B79EECA2B6132ED0058A2B6 /* TodoList */ = {
			isa = PBXGroup;
			children = (
				6B79EECB2B6132ED0058A2B6 /* TodoListApp.swift */,
				964A11342B64B3EA00A398EE /* modelViews */,
				964A11352B64B3FD00A398EE /* views */,
				6B79EECF2B6132EE0058A2B6 /* Assets.xcassets */,
				964A114A2B64B51700A398EE /* Task.xcdatamodeld */,
				6B79EED12B6132EE0058A2B6 /* Preview Content */,
			);
			path = TodoList;
			sourceTree = "<group>";
		};
		6B79EED12B6132EE0058A2B6 /* Preview Content */ = {
			isa = PBXGroup;
			children = (
				6B79EED22B6132EE0058A2B6 /* Preview Assets.xcassets */,
			);
			path = "Preview Content";
			sourceTree = "<group>";
		};
		964A11342B64B3EA00A398EE /* modelViews */ = {
			isa = PBXGroup;
			children = (
				964A11362B64B42200A398EE /* model.swift */,
			);
			path = modelViews;
			sourceTree = "<group>";
		};
		964A11352B64B3FD00A398EE /* views */ = {
			isa = PBXGroup;
			children = (
				964A11382B64B45400A398EE /* addTask.swift */,
				964A113C2B64B48600A398EE /* tabView.swift */,
				964A113E2B64B49400A398EE /* profile.swift */,
				964A11402B64B4A200A398EE /* displayTasks.swift */,
				964A11422B64B4B000A398EE /* eachRow.swift */,
				964A11442B64B4C400A398EE /* backButton.swift */,
				964A11462B64B4D500A398EE /* news.swift */,
				964A11482B64B4E200A398EE /* dueDate.swift */,
			);
			path = views;
			sourceTree = "<group>";
		};
/* End PBXGroup section */

/* Begin PBXNativeTarget section */
		6B79EEC72B6132ED0058A2B6 /* TodoList */ = {
			isa = PBXNativeTarget;
			buildConfigurationList = 6B79EED62B6132EE0058A2B6 /* Build configuration list for PBXNativeTarget "TodoList" */;
			buildPhases = (
				6B79EEC42B6132ED0058A2B6 /* Sources */,
				6B79EEC52B6132ED0058A2B6 /* Frameworks */,
				6B79EEC62B6132ED0058A2B6 /* Resources */,
			);
			buildRules = (
			);
			dependencies = (
			);
			name = TodoList;
			productName = TodoList;
			productReference = 6B79EEC82B6132ED0058A2B6 /* TodoList.app */;
			productType = "com.apple.product-type.application";
		};
/* End PBXNativeTarget section */

/* Begin PBXProject section */
		6B79EEC02B6132ED0058A2B6 /* Project object */ = {
			isa = PBXProject;
			attributes = {
				BuildIndependentTargetsInParallel = 1;
				LastSwiftUpdateCheck = 1520;
				LastUpgradeCheck = 1520;
				TargetAttributes = {
					6B79EEC72B6132ED0058A2B6 = {
						CreatedOnToolsVersion = 15.2;
					};
				};
			};
			buildConfigurationList = 6B79EEC32B6132ED0058A2B6 /* Build configuration list for PBXProject "TodoList" */;
			compatibilityVersion = "Xcode 14.0";
			developmentRegion = en;
			hasScannedForEncodings = 0;
			knownRegions = (
				en,
				Base,
			);
			mainGroup = 6B79EEBF2B6132ED0058A2B6;
			productRefGroup = 6B79EEC92B6132ED0058A2B6 /* Products */;
			projectDirPath = "";
			projectRoot = "";
			targets = (
				6B79EEC72B6132ED0058A2B6 /* TodoList */,
			);
		};
/* End PBXProject section */

/* Begin PBXResourcesBuildPhase section */
		6B79EEC62B6132ED0058A2B6 /* Resources */ = {
			isa = PBXResourcesBuildPhase;
			buildActionMask = 2147483647;
			files = (
				6B79EED32B6132EE0058A2B6 /* Preview Assets.xcassets in Resources */,
				6B79EED02B6132EE0058A2B6 /* Assets.xcassets in Resources */,
			);
			runOnlyForDeploymentPostprocessing = 0;
		};
/* End PBXResourcesBuildPhase section */

/* Begin PBXSourcesBuildPhase section */
		6B79EEC42B6132ED0058A2B6 /* Sources */ = {
			isa = PBXSourcesBuildPhase;
			buildActionMask = 2147483647;
			files = (
				964A11472B64B4D500A398EE /* news.swift in Sources */,
				964A114C2B64B51700A398EE /* Task.xcdatamodeld in Sources */,
				964A11452B64B4C400A398EE /* backButton.swift in Sources */,
				964A11412B64B4A200A398EE /* displayTasks.swift in Sources */,
				964A11432B64B4B000A398EE /* eachRow.swift in Sources */,
				964A11392B64B45400A398EE /* addTask.swift in Sources */,
				964A11492B64B4E200A398EE /* dueDate.swift in Sources */,
				964A113D2B64B48600A398EE /* tabView.swift in Sources */,
				964A113F2B64B49400A398EE /* profile.swift in Sources */,
				964A11372B64B42200A398EE /* model.swift in Sources */,
				6B79EECC2B6132ED0058A2B6 /* TodoListApp.swift in Sources */,
			);
			runOnlyForDeploymentPostprocessing = 0;
		};
/* End PBXSourcesBuildPhase section */

/* Begin XCBuildConfiguration section */
		6B79EED42B6132EE0058A2B6 /* Debug */ = {
			isa = XCBuildConfiguration;
			buildSettings = {
				ALWAYS_SEARCH_USER_PATHS = NO;
				ASSETCATALOG_COMPILER_GENERATE_SWIFT_ASSET_SYMBOL_EXTENSIONS = YES;
				CLANG_ANALYZER_NONNULL = YES;
				CLANG_ANALYZER_NUMBER_OBJECT_CONVERSION = YES_AGGRESSIVE;
				CLANG_CXX_LANGUAGE_STANDARD = "gnu++20";
				CLANG_ENABLE_MODULES = YES;
				CLANG_ENABLE_OBJC_ARC = YES;
				CLANG_ENABLE_OBJC_WEAK = YES;
				CLANG_WARN_BLOCK_CAPTURE_AUTORELEASING = YES;
				CLANG_WARN_BOOL_CONVERSION = YES;
				CLANG_WARN_COMMA = YES;
				CLANG_WARN_CONSTANT_CONVERSION = YES;
				CLANG_WARN_DEPRECATED_OBJC_IMPLEMENTATIONS = YES;
				CLANG_WARN_DIRECT_OBJC_ISA_USAGE = YES_ERROR;
				CLANG_WARN_DOCUMENTATION_COMMENTS = YES;
				CLANG_WARN_EMPTY_BODY = YES;
				CLANG_WARN_ENUM_CONVERSION = YES;
				CLANG_WARN_INFINITE_RECURSION = YES;
				CLANG_WARN_INT_CONVERSION = YES;
				CLANG_WARN_NON_LITERAL_NULL_CONVERSION = YES;
				CLANG_WARN_OBJC_IMPLICIT_RETAIN_SELF = YES;
				CLANG_WARN_OBJC_LITERAL_CONVERSION = YES;
				CLANG_WARN_OBJC_ROOT_CLASS = YES_ERROR;
				CLANG_WARN_QUOTED_INCLUDE_IN_FRAMEWORK_HEADER = YES;
				CLANG_WARN_RANGE_LOOP_ANALYSIS = YES;
				CLANG_WARN_STRICT_PROTOTYPES = YES;
				CLANG_WARN_SUSPICIOUS_MOVE = YES;
				CLANG_WARN_UNGUARDED_AVAILABILITY = YES_AGGRESSIVE;
				CLANG_WARN_UNREACHABLE_CODE = YES;
				CLANG_WARN__DUPLICATE_METHOD_MATCH = YES;
				COPY_PHASE_STRIP = NO;
				DEBUG_INFORMATION_FORMAT = dwarf;
				ENABLE_STRICT_OBJC_MSGSEND = YES;
				ENABLE_TESTABILITY = YES;
				ENABLE_USER_SCRIPT_SANDBOXING = YES;
				GCC_C_LANGUAGE_STANDARD = gnu17;
				GCC_DYNAMIC_NO_PIC = NO;
				GCC_NO_COMMON_BLOCKS = YES;
				GCC_OPTIMIZATION_LEVEL = 0;
				GCC_PREPROCESSOR_DEFINITIONS = (
					"DEBUG=1",
					"$(inherited)",
				);
				GCC_WARN_64_TO_32_BIT_CONVERSION = YES;
				GCC_WARN_ABOUT_RETURN_TYPE = YES_ERROR;
				GCC_WARN_UNDECLARED_SELECTOR = YES;
				GCC_WARN_UNINITIALIZED_AUTOS = YES_AGGRESSIVE;
				GCC_WARN_UNUSED_FUNCTION = YES;
				GCC_WARN_UNUSED_VARIABLE = YES;
				IPHONEOS_DEPLOYMENT_TARGET = 17.2;
				LOCALIZATION_PREFERS_STRING_CATALOGS = YES;
				MTL_ENABLE_DEBUG_INFO = INCLUDE_SOURCE;
				MTL_FAST_MATH = YES;
				ONLY_ACTIVE_ARCH = YES;
				SDKROOT = iphoneos;
				SWIFT_ACTIVE_COMPILATION_CONDITIONS = "DEBUG $(inherited)";
				SWIFT_OPTIMIZATION_LEVEL = "-Onone";
			};
			name = Debug;
		};
		6B79EED52B6132EE0058A2B6 /* Release */ = {
			isa = XCBuildConfiguration;
			buildSettings = {
				ALWAYS_SEARCH_USER_PATHS = NO;
				ASSETCATALOG_COMPILER_GENERATE_SWIFT_ASSET_SYMBOL_EXTENSIONS = YES;
				CLANG_ANALYZER_NONNULL = YES;
				CLANG_ANALYZER_NUMBER_OBJECT_CONVERSION = YES_AGGRESSIVE;
				CLANG_CXX_LANGUAGE_STANDARD = "gnu++20";
				CLANG_ENABLE_MODULES = YES;
				CLANG_ENABLE_OBJC_ARC = YES;
				CLANG_ENABLE_OBJC_WEAK = YES;
				CLANG_WARN_BLOCK_CAPTURE_AUTORELEASING = YES;
				CLANG_WARN_BOOL_CONVERSION = YES;
				CLANG_WARN_COMMA = YES;
				CLANG_WARN_CONSTANT_CONVERSION = YES;
				CLANG_WARN_DEPRECATED_OBJC_IMPLEMENTATIONS = YES;
				CLANG_WARN_DIRECT_OBJC_ISA_USAGE = YES_ERROR;
				CLANG_WARN_DOCUMENTATION_COMMENTS = YES;
				CLANG_WARN_EMPTY_BODY = YES;
				CLANG_WARN_ENUM_CONVERSION = YES;
				CLANG_WARN_INFINITE_RECURSION = YES;
				CLANG_WARN_INT_CONVERSION = YES;
				CLANG_WARN_NON_LITERAL_NULL_CONVERSION = YES;
				CLANG_WARN_OBJC_IMPLICIT_RETAIN_SELF = YES;
				CLANG_WARN_OBJC_LITERAL_CONVERSION = YES;
				CLANG_WARN_OBJC_ROOT_CLASS = YES_ERROR;
				CLANG_WARN_QUOTED_INCLUDE_IN_FRAMEWORK_HEADER = YES;
				CLANG_WARN_RANGE_LOOP_ANALYSIS = YES;
				CLANG_WARN_STRICT_PROTOTYPES = YES;
				CLANG_WARN_SUSPICIOUS_MOVE = YES;
				CLANG_WARN_UNGUARDED_AVAILABILITY = YES_AGGRESSIVE;
				CLANG_WARN_UNREACHABLE_CODE = YES;
				CLANG_WARN__DUPLICATE_METHOD_MATCH = YES;
				COPY_PHASE_STRIP = NO;
				DEBUG_INFORMATION_FORMAT = "dwarf-with-dsym";
				ENABLE_NS_ASSERTIONS = NO;
				ENABLE_STRICT_OBJC_MSGSEND = YES;
				ENABLE_USER_SCRIPT_SANDBOXING = YES;
				GCC_C_LANGUAGE_STANDARD = gnu17;
				GCC_NO_COMMON_BLOCKS = YES;
				GCC_WARN_64_TO_32_BIT_CONVERSION = YES;
				GCC_WARN_ABOUT_RETURN_TYPE = YES_ERROR;
				GCC_WARN_UNDECLARED_SELECTOR = YES;
				GCC_WARN_UNINITIALIZED_AUTOS = YES_AGGRESSIVE;
				GCC_WARN_UNUSED_FUNCTION = YES;
				GCC_WARN_UNUSED_VARIABLE = YES;
				IPHONEOS_DEPLOYMENT_TARGET = 17.2;
				LOCALIZATION_PREFERS_STRING_CATALOGS = YES;
				MTL_ENABLE_DEBUG_INFO = NO;
				MTL_FAST_MATH = YES;
				SDKROOT = iphoneos;
				SWIFT_COMPILATION_MODE = wholemodule;
				VALIDATE_PRODUCT = YES;
			};
			name = Release;
		};
		6B79EED72B6132EE0058A2B6 /* Debug */ = {
			isa = XCBuildConfiguration;
			buildSettings = {
				ASSETCATALOG_COMPILER_APPICON_NAME = AppIcon;
				ASSETCATALOG_COMPILER_GLOBAL_ACCENT_COLOR_NAME = AccentColor;
				CODE_SIGN_STYLE = Automatic;
				CURRENT_PROJECT_VERSION = 1;
				DEVELOPMENT_ASSET_PATHS = "\"TodoList/Preview Content\"";
				ENABLE_PREVIEWS = YES;
				GENERATE_INFOPLIST_FILE = YES;
				INFOPLIST_KEY_UIApplicationSceneManifest_Generation = YES;
				INFOPLIST_KEY_UIApplicationSupportsIndirectInputEvents = YES;
				INFOPLIST_KEY_UILaunchScreen_Generation = YES;
				INFOPLIST_KEY_UISupportedInterfaceOrientations_iPad = "UIInterfaceOrientationPortrait UIInterfaceOrientationPortraitUpsideDown UIInterfaceOrientationLandscapeLeft UIInterfaceOrientationLandscapeRight";
				INFOPLIST_KEY_UISupportedInterfaceOrientations_iPhone = "UIInterfaceOrientationPortrait UIInterfaceOrientationLandscapeLeft UIInterfaceOrientationLandscapeRight";
				LD_RUNPATH_SEARCH_PATHS = (
					"$(inherited)",
					"@executable_path/Frameworks",
				);
				MARKETING_VERSION = 1.0;
				PRODUCT_BUNDLE_IDENTIFIER = com.tesapp.TodoList;
				PRODUCT_NAME = "$(TARGET_NAME)";
				SWIFT_EMIT_LOC_STRINGS = YES;
				SWIFT_VERSION = 5.0;
				TARGETED_DEVICE_FAMILY = "1,2";
			};
			name = Debug;
		};
		6B79EED82B6132EE0058A2B6 /* Release */ = {
			isa = XCBuildConfiguration;
			buildSettings = {
				ASSETCATALOG_COMPILER_APPICON_NAME = AppIcon;
				ASSETCATALOG_COMPILER_GLOBAL_ACCENT_COLOR_NAME = AccentColor;
				CODE_SIGN_STYLE = Automatic;
				CURRENT_PROJECT_VERSION = 1;
				DEVELOPMENT_ASSET_PATHS = "\"TodoList/Preview Content\"";
				ENABLE_PREVIEWS = YES;
				GENERATE_INFOPLIST_FILE = YES;
				INFOPLIST_KEY_UIApplicationSceneManifest_Generation = YES;
				INFOPLIST_KEY_UIApplicationSupportsIndirectInputEvents = YES;
				INFOPLIST_KEY_UILaunchScreen_Generation = YES;
				INFOPLIST_KEY_UISupportedInterfaceOrientations_iPad = "UIInterfaceOrientationPortrait UIInterfaceOrientationPortraitUpsideDown UIInterfaceOrientationLandscapeLeft UIInterfaceOrientationLandscapeRight";
				INFOPLIST_KEY_UISupportedInterfaceOrientations_iPhone = "UIInterfaceOrientationPortrait UIInterfaceOrientationLandscapeLeft UIInterfaceOrientationLandscapeRight";
				LD_RUNPATH_SEARCH_PATHS = (
					"$(inherited)",
					"@executable_path/Frameworks",
				);
				MARKETING_VERSION = 1.0;
				PRODUCT_BUNDLE_IDENTIFIER = com.tesapp.TodoList;
				PRODUCT_NAME = "$(TARGET_NAME)";
				SWIFT_EMIT_LOC_STRINGS = YES;
				SWIFT_VERSION = 5.0;
				TARGETED_DEVICE_FAMILY = "1,2";
			};
			name = Release;
		};
/* End XCBuildConfiguration section */

/* Begin XCConfigurationList section */
		6B79EEC32B6132ED0058A2B6 /* Build configuration list for PBXProject "TodoList" */ = {
			isa = XCConfigurationList;
			buildConfigurations = (
				6B79EED42B6132EE0058A2B6 /* Debug */,
				6B79EED52B6132EE0058A2B6 /* Release */,
			);
			defaultConfigurationIsVisible = 0;
			defaultConfigurationName = Release;
		};
		6B79EED62B6132EE0058A2B6 /* Build configuration list for PBXNativeTarget "TodoList" */ = {
			isa = XCConfigurationList;
			buildConfigurations = (
				6B79EED72B6132EE0058A2B6 /* Debug */,
				6B79EED82B6132EE0058A2B6 /* Release */,
			);
			defaultConfigurationIsVisible = 0;
			defaultConfigurationName = Release;
		};
/* End XCConfigurationList section */

/* Begin XCVersionGroup section */
		964A114A2B64B51700A398EE /* Task.xcdatamodeld */ = {
			isa = XCVersionGroup;
			children = (
				964A114B2B64B51700A398EE /* Task.xcdatamodel */,
			);
			currentVersion = 964A114B2B64B51700A398EE /* Task.xcdatamodel */;
			path = Task.xcdatamodeld;
			sourceTree = "<group>";
			versionGroupType = wrapper.xcdatamodel;
		};
/* End XCVersionGroup section */
	};
	rootObject = 6B79EEC02B6132ED0058A2B6 /* Project object */;
}
